{
  "name": "react-moment-proptypes-tests",
  "version": "1.0.0",
  "lockfileVersion": 1,
  "requires": true,
  "dependencies": {
    "moment": {
      "version": "2.19.3",
      "resolved": "https://registry.npmjs.org/moment/-/moment-2.19.3.tgz",
      "integrity": "sha1-vbmdJw1tf9p4zA+6zoVeJ/59pp8="
    },
    "react-moment-proptypes": {
      "version": "1.5.0",
      "resolved": "https://registry.npmjs.org/react-moment-proptypes/-/react-moment-proptypes-1.5.0.tgz",
      "integrity": "sha512-0dQJNs0aaiMeGp1AJACDTzGMM7N4qv4Wgg1948/ARdLt3VKlkcem6Yjm5ExUmUtoXk6WpSXvFQ204l7E+RTEEQ==",
      "requires": {
        "moment": "2.19.3"
      }
    }
  }
}
